
Microsoft Visual Studio Solution File, Format Version 11.00
# Visual Studio 2010
Project("{FAE04EC0-301F-11D3-BF4B-00C04F79EFBC}") = "MyGame.Unity", "MyGame.Unity.csproj", "{fcc49039-9f9a-b3bb-5c73-58fe0f410e7e}"
EndProject
Project("{FAE04EC0-301F-11D3-BF4B-00C04F79EFBC}") = "Assembly-CSharp", "Assembly-CSharp.csproj", "{d3e7bcbd-9d13-db3e-816d-fb1d73476d25}"
EndProject
Global
	GlobalSection(SolutionConfigurationPlatforms) = preSolution
		Debug|Any CPU = Debug|Any CPU
	EndGlobalSection
	GlobalSection(ProjectConfigurationPlatforms) = postSolution
		{fcc49039-9f9a-b3bb-5c73-58fe0f410e7e}.Debug|Any CPU.ActiveCfg = Debug|Any CPU
		{fcc49039-9f9a-b3bb-5c73-58fe0f410e7e}.Debug|Any CPU.Build.0 = Debug|Any CPU
		{d3e7bcbd-9d13-db3e-816d-fb1d73476d25}.Debug|Any CPU.ActiveCfg = Debug|Any CPU
		{d3e7bcbd-9d13-db3e-816d-fb1d73476d25}.Debug|Any CPU.Build.0 = Debug|Any CPU
	EndGlobalSection
	GlobalSection(SolutionProperties) = preSolution
		HideSolutionNode = FALSE
	EndGlobalSection
EndGlobal
